
Microsoft Visual Studio Solution File, Format Version 12.00
# Visual Studio 14
VisualStudioVersion = 14.0.25420.1
MinimumVisualStudioVersion = 10.0.40219.1
Project("{CC5FD16D-436D-48AD-A40C-5A424C6E3E79}") = "PEDSWCF", "PEDSWCF\PEDSWCF.ccproj", "{851FD9BC-E877-4BC8-847C-EF1003AB9309}"
EndProject
Project("{FAE04EC0-301F-11D3-BF4B-00C04F79EFBC}") = "WCFServiceWebRole1", "WCFServiceWebRole1\WCFServiceWebRole1.csproj", "{D59B6C5D-BECA-4495-946A-648FC7BC3B93}"
EndProject
Project("{2150E333-8FDC-42A3-9474-1A3956D46DE8}") = "Solution Items", "Solution Items", "{943BECCC-6B4A-4A43-9785-2FA49B497E2C}"
	ProjectSection(SolutionItems) = preProject
		WE-Palette.css = WE-Palette.css
	EndProjectSection
EndProject
Global
	GlobalSection(SolutionConfigurationPlatforms) = preSolution
		Debug|Any CPU = Debug|Any CPU
		Release|Any CPU = Release|Any CPU
	EndGlobalSection
	GlobalSection(ProjectConfigurationPlatforms) = postSolution
		{851FD9BC-E877-4BC8-847C-EF1003AB9309}.Debug|Any CPU.ActiveCfg = Debug|Any CPU
		{851FD9BC-E877-4BC8-847C-EF1003AB9309}.Debug|Any CPU.Build.0 = Debug|Any CPU
		{851FD9BC-E877-4BC8-847C-EF1003AB9309}.Release|Any CPU.ActiveCfg = Release|Any CPU
		{851FD9BC-E877-4BC8-847C-EF1003AB9309}.Release|Any CPU.Build.0 = Release|Any CPU
		{D59B6C5D-BECA-4495-946A-648FC7BC3B93}.Debug|Any CPU.ActiveCfg = Debug|Any CPU
		{D59B6C5D-BECA-4495-946A-648FC7BC3B93}.Debug|Any CPU.Build.0 = Debug|Any CPU
		{D59B6C5D-BECA-4495-946A-648FC7BC3B93}.Release|Any CPU.ActiveCfg = Release|Any CPU
		{D59B6C5D-BECA-4495-946A-648FC7BC3B93}.Release|Any CPU.Build.0 = Release|Any CPU
	EndGlobalSection
	GlobalSection(SolutionProperties) = preSolution
		HideSolutionNode = FALSE
	EndGlobalSection
EndGlobal
